// !$*UTF8*$!
{
	archiveVersion = 1;
	classes = {
	};
	objectVersion = 50;
	objects = {

/* Begin PBXBuildFile section */
		D371C1E8214918E500C4F85B /* AppDelegate.swift in Sources */ = {isa = PBXBuildFile; fileRef = D371C1E7214918E500C4F85B /* AppDelegate.swift */; };
		D371C1ED214918E500C4F85B /* Main.storyboard in Resources */ = {isa = PBXBuildFile; fileRef = D371C1EB214918E500C4F85B /* Main.storyboard */; };
		D371C1EF214918E700C4F85B /* Assets.xcassets in Resources */ = {isa = PBXBuildFile; fileRef = D371C1EE214918E700C4F85B /* Assets.xcassets */; };
		D371C1F2214918E700C4F85B /* LaunchScreen.storyboard in Resources */ = {isa = PBXBuildFile; fileRef = D371C1F0214918E700C4F85B /* LaunchScreen.storyboard */; };
		D371C1FD214918E700C4F85B /* ISS_PositionTests.swift in Sources */ = {isa = PBXBuildFile; fileRef = D371C1FC214918E700C4F85B /* ISS_PositionTests.swift */; };
		D371C208214918E700C4F85B /* ISS_PositionUITests.swift in Sources */ = {isa = PBXBuildFile; fileRef = D371C207214918E700C4F85B /* ISS_PositionUITests.swift */; };
		D371C21A2149279500C4F85B /* Podfile in Resources */ = {isa = PBXBuildFile; fileRef = D371C2192149279500C4F85B /* Podfile */; };
/* End PBXBuildFile section */

/* Begin PBXContainerItemProxy section */
		D371C1F9214918E700C4F85B /* PBXContainerItemProxy */ = {
			isa = PBXContainerItemProxy;
			containerPortal = D371C1DC214918E500C4F85B /* Project object */;
			proxyType = 1;
			remoteGlobalIDString = D371C1E3214918E500C4F85B;
			remoteInfo = "ISS Position";
		};
		D371C204214918E700C4F85B /* PBXContainerItemProxy */ = {
			isa = PBXContainerItemProxy;
			containerPortal = D371C1DC214918E500C4F85B /* Project object */;
			proxyType = 1;
			remoteGlobalIDString = D371C1E3214918E500C4F85B;
			remoteInfo = "ISS Position";
		};
/* End PBXContainerItemProxy section */

/* Begin PBXFileReference section */
		D371C1E4214918E500C4F85B /* ISS Position.app */ = {isa = PBXFileReference; explicitFileType = wrapper.application; includeInIndex = 0; path = "ISS Position.app"; sourceTree = BUILT_PRODUCTS_DIR; };
		D371C1E7214918E500C4F85B /* AppDelegate.swift */ = {isa = PBXFileReference; lastKnownFileType = sourcecode.swift; path = AppDelegate.swift; sourceTree = "<group>"; };
		D371C1EC214918E500C4F85B /* Base */ = {isa = PBXFileReference; lastKnownFileType = file.storyboard; name = Base; path = Base.lproj/Main.storyboard; sourceTree = "<group>"; };
		D371C1EE214918E700C4F85B /* Assets.xcassets */ = {isa = PBXFileReference; lastKnownFileType = folder.assetcatalog; path = Assets.xcassets; sourceTree = "<group>"; };
		D371C1F1214918E700C4F85B /* Base */ = {isa = PBXFileReference; lastKnownFileType = file.storyboard; name = Base; path = Base.lproj/LaunchScreen.storyboard; sourceTree = "<group>"; };
		D371C1F3214918E700C4F85B /* Info.plist */ = {isa = PBXFileReference; lastKnownFileType = text.plist.xml; path = Info.plist; sourceTree = "<group>"; };
		D371C1F8214918E700C4F85B /* ISS PositionTests.xctest */ = {isa = PBXFileReference; explicitFileType = wrapper.cfbundle; includeInIndex = 0; path = "ISS PositionTests.xctest"; sourceTree = BUILT_PRODUCTS_DIR; };
		D371C1FC214918E700C4F85B /* ISS_PositionTests.swift */ = {isa = PBXFileReference; lastKnownFileType = sourcecode.swift; path = ISS_PositionTests.swift; sourceTree = "<group>"; };
		D371C1FE214918E700C4F85B /* Info.plist */ = {isa = PBXFileReference; lastKnownFileType = text.plist.xml; path = Info.plist; sourceTree = "<group>"; };
		D371C203214918E700C4F85B /* ISS PositionUITests.xctest */ = {isa = PBXFileReference; explicitFileType = wrapper.cfbundle; includeInIndex = 0; path = "ISS PositionUITests.xctest"; sourceTree = BUILT_PRODUCTS_DIR; };
		D371C207214918E700C4F85B /* ISS_PositionUITests.swift */ = {isa = PBXFileReference; lastKnownFileType = sourcecode.swift; path = ISS_PositionUITests.swift; sourceTree = "<group>"; };
		D371C209214918E700C4F85B /* Info.plist */ = {isa = PBXFileReference; lastKnownFileType = text.plist.xml; path = Info.plist; sourceTree = "<group>"; };
		D371C2192149279500C4F85B /* Podfile */ = {isa = PBXFileReference; fileEncoding = 4; lastKnownFileType = text; path = Podfile; sourceTree = SOURCE_ROOT; };
/* End PBXFileReference section */

/* Begin PBXFrameworksBuildPhase section */
		D371C1E1214918E500C4F85B /* Frameworks */ = {
			isa = PBXFrameworksBuildPhase;
			buildActionMask = 2147483647;
			files = (
			);
			runOnlyForDeploymentPostprocessing = 0;
		};
		D371C1F5214918E700C4F85B /* Frameworks */ = {
			isa = PBXFrameworksBuildPhase;
			buildActionMask = 2147483647;
			files = (
			);
			runOnlyForDeploymentPostprocessing = 0;
		};
		D371C200214918E700C4F85B /* Frameworks */ = {
			isa = PBXFrameworksBuildPhase;
			buildActionMask = 2147483647;
			files = (
			);
			runOnlyForDeploymentPostprocessing = 0;
		};
/* End PBXFrameworksBuildPhase section */

/* Begin PBXGroup section */
		D371C1DB214918E500C4F85B = {
			isa = PBXGroup;
			children = (
				D371C1E6214918E500C4F85B /* ISS Position */,
				D371C1FB214918E700C4F85B /* ISS PositionTests */,
				D371C206214918E700C4F85B /* ISS PositionUITests */,
				D371C1E5214918E500C4F85B /* Products */,
			);
			sourceTree = "<group>";
		};
		D371C1E5214918E500C4F85B /* Products */ = {
			isa = PBXGroup;
			children = (
				D371C1E4214918E500C4F85B /* ISS Position.app */,
				D371C1F8214918E700C4F85B /* ISS PositionTests.xctest */,
				D371C203214918E700C4F85B /* ISS PositionUITests.xctest */,
			);
			name = Products;
			sourceTree = "<group>";
		};
		D371C1E6214918E500C4F85B /* ISS Position */ = {
			isa = PBXGroup;
			children = (
				D371C217214924F700C4F85B /* App Flow */,
				D371C21B2149283A00C4F85B /* View */,
				D371C2182149277C00C4F85B /* Other Files */,
				D371C1EE214918E700C4F85B /* Assets.xcassets */,
				D371C1F3214918E700C4F85B /* Info.plist */,
			);
			path = "ISS Position";
			sourceTree = "<group>";
		};
		D371C1FB214918E700C4F85B /* ISS PositionTests */ = {
			isa = PBXGroup;
			children = (
				D371C1FC214918E700C4F85B /* ISS_PositionTests.swift */,
				D371C1FE214918E700C4F85B /* Info.plist */,
			);
			path = "ISS PositionTests";
			sourceTree = "<group>";
		};
		D371C206214918E700C4F85B /* ISS PositionUITests */ = {
			isa = PBXGroup;
			children = (
				D371C207214918E700C4F85B /* ISS_PositionUITests.swift */,
				D371C209214918E700C4F85B /* Info.plist */,
			);
			path = "ISS PositionUITests";
			sourceTree = "<group>";
		};
		D371C217214924F700C4F85B /* App Flow */ = {
			isa = PBXGroup;
			children = (
				D371C1E7214918E500C4F85B /* AppDelegate.swift */,
			);
			path = "App Flow";
			sourceTree = "<group>";
		};
		D371C2182149277C00C4F85B /* Other Files */ = {
			isa = PBXGroup;
			children = (
				D371C2192149279500C4F85B /* Podfile */,
			);
			path = "Other Files";
			sourceTree = "<group>";
		};
		D371C21B2149283A00C4F85B /* View */ = {
			isa = PBXGroup;
			children = (
				D371C1F0214918E700C4F85B /* LaunchScreen.storyboard */,
				D371C1EB214918E500C4F85B /* Main.storyboard */,
			);
			path = View;
			sourceTree = "<group>";
		};
/* End PBXGroup section */

/* Begin PBXNativeTarget section */
		D371C1E3214918E500C4F85B /* ISS Position */ = {
			isa = PBXNativeTarget;
			buildConfigurationList = D371C20C214918E700C4F85B /* Build configuration list for PBXNativeTarget "ISS Position" */;
			buildPhases = (
				D371C1E0214918E500C4F85B /* Sources */,
				D371C1E1214918E500C4F85B /* Frameworks */,
				D371C1E2214918E500C4F85B /* Resources */,
			);
			buildRules = (
			);
			dependencies = (
			);
			name = "ISS Position";
			productName = "ISS Position";
			productReference = D371C1E4214918E500C4F85B /* ISS Position.app */;
			productType = "com.apple.product-type.application";
		};
		D371C1F7214918E700C4F85B /* ISS PositionTests */ = {
			isa = PBXNativeTarget;
			buildConfigurationList = D371C20F214918E700C4F85B /* Build configuration list for PBXNativeTarget "ISS PositionTests" */;
			buildPhases = (
				D371C1F4214918E700C4F85B /* Sources */,
				D371C1F5214918E700C4F85B /* Frameworks */,
				D371C1F6214918E700C4F85B /* Resources */,
			);
			buildRules = (
			);
			dependencies = (
				D371C1FA214918E700C4F85B /* PBXTargetDependency */,
			);
			name = "ISS PositionTests";
			productName = "ISS PositionTests";
			productReference = D371C1F8214918E700C4F85B /* ISS PositionTests.xctest */;
			productType = "com.apple.product-type.bundle.unit-test";
		};
		D371C202214918E700C4F85B /* ISS PositionUITests */ = {
			isa = PBXNativeTarget;
			buildConfigurationList = D371C212214918E700C4F85B /* Build configuration list for PBXNativeTarget "ISS PositionUITests" */;
			buildPhases = (
				D371C1FF214918E700C4F85B /* Sources */,
				D371C200214918E700C4F85B /* Frameworks */,
				D371C201214918E700C4F85B /* Resources */,
			);
			buildRules = (
			);
			dependencies = (
				D371C205214918E700C4F85B /* PBXTargetDependency */,
			);
			name = "ISS PositionUITests";
			productName = "ISS PositionUITests";
			productReference = D371C203214918E700C4F85B /* ISS PositionUITests.xctest */;
			productType = "com.apple.product-type.bundle.ui-testing";
		};
/* End PBXNativeTarget section */

/* Begin PBXProject section */
		D371C1DC214918E500C4F85B /* Project object */ = {
			isa = PBXProject;
			attributes = {
				LastSwiftUpdateCheck = 0940;
				LastUpgradeCheck = 0940;
				ORGANIZATIONNAME = "Marcin Kuświk";
				TargetAttributes = {
					D371C1E3214918E500C4F85B = {
						CreatedOnToolsVersion = 9.4.1;
					};
					D371C1F7214918E700C4F85B = {
						CreatedOnToolsVersion = 9.4.1;
						TestTargetID = D371C1E3214918E500C4F85B;
					};
					D371C202214918E700C4F85B = {
						CreatedOnToolsVersion = 9.4.1;
						TestTargetID = D371C1E3214918E500C4F85B;
					};
				};
			};
			buildConfigurationList = D371C1DF214918E500C4F85B /* Build configuration list for PBXProject "ISS Position" */;
			compatibilityVersion = "Xcode 9.3";
			developmentRegion = en;
			hasScannedForEncodings = 0;
			knownRegions = (
				en,
				Base,
			);
			mainGroup = D371C1DB214918E500C4F85B;
			productRefGroup = D371C1E5214918E500C4F85B /* Products */;
			projectDirPath = "";
			projectRoot = "";
			targets = (
				D371C1E3214918E500C4F85B /* ISS Position */,
				D371C1F7214918E700C4F85B /* ISS PositionTests */,
				D371C202214918E700C4F85B /* ISS PositionUITests */,
			);
		};
/* End PBXProject section */

/* Begin PBXResourcesBuildPhase section */
		D371C1E2214918E500C4F85B /* Resources */ = {
			isa = PBXResourcesBuildPhase;
			buildActionMask = 2147483647;
			files = (
				D371C1F2214918E700C4F85B /* LaunchScreen.storyboard in Resources */,
				D371C1EF214918E700C4F85B /* Assets.xcassets in Resources */,
				D371C21A2149279500C4F85B /* Podfile in Resources */,
				D371C1ED214918E500C4F85B /* Main.storyboard in Resources */,
			);
			runOnlyForDeploymentPostprocessing = 0;
		};
		D371C1F6214918E700C4F85B /* Resources */ = {
			isa = PBXResourcesBuildPhase;
			buildActionMask = 2147483647;
			files = (
			);
			runOnlyForDeploymentPostprocessing = 0;
		};
		D371C201214918E700C4F85B /* Resources */ = {
			isa = PBXResourcesBuildPhase;
			buildActionMask = 2147483647;
			files = (
			);
			runOnlyForDeploymentPostprocessing = 0;
		};
/* End PBXResourcesBuildPhase section */

/* Begin PBXSourcesBuildPhase section */
		D371C1E0214918E500C4F85B /* Sources */ = {
			isa = PBXSourcesBuildPhase;
			buildActionMask = 2147483647;
			files = (
				D371C1E8214918E500C4F85B /* AppDelegate.swift in Sources */,
			);
			runOnlyForDeploymentPostprocessing = 0;
		};
		D371C1F4214918E700C4F85B /* Sources */ = {
			isa = PBXSourcesBuildPhase;
			buildActionMask = 2147483647;
			files = (
				D371C1FD214918E700C4F85B /* ISS_PositionTests.swift in Sources */,
			);
			runOnlyForDeploymentPostprocessing = 0;
		};
		D371C1FF214918E700C4F85B /* Sources */ = {
			isa = PBXSourcesBuildPhase;
			buildActionMask = 2147483647;
			files = (
				D371C208214918E700C4F85B /* ISS_PositionUITests.swift in Sources */,
			);
			runOnlyForDeploymentPostprocessing = 0;
		};
/* End PBXSourcesBuildPhase section */

/* Begin PBXTargetDependency section */
		D371C1FA214918E700C4F85B /* PBXTargetDependency */ = {
			isa = PBXTargetDependency;
			target = D371C1E3214918E500C4F85B /* ISS Position */;
			targetProxy = D371C1F9214918E700C4F85B /* PBXContainerItemProxy */;
		};
		D371C205214918E700C4F85B /* PBXTargetDependency */ = {
			isa = PBXTargetDependency;
			target = D371C1E3214918E500C4F85B /* ISS Position */;
			targetProxy = D371C204214918E700C4F85B /* PBXContainerItemProxy */;
		};
/* End PBXTargetDependency section */

/* Begin PBXVariantGroup section */
		D371C1EB214918E500C4F85B /* Main.storyboard */ = {
			isa = PBXVariantGroup;
			children = (
				D371C1EC214918E500C4F85B /* Base */,
			);
			name = Main.storyboard;
			sourceTree = "<group>";
		};
		D371C1F0214918E700C4F85B /* LaunchScreen.storyboard */ = {
			isa = PBXVariantGroup;
			children = (
				D371C1F1214918E700C4F85B /* Base */,
			);
			name = LaunchScreen.storyboard;
			sourceTree = "<group>";
		};
/* End PBXVariantGroup section */

/* Begin XCBuildConfiguration section */
		D371C20A214918E700C4F85B /* Debug */ = {
			isa = XCBuildConfiguration;
			buildSettings = {
				ALWAYS_SEARCH_USER_PATHS = NO;
				CLANG_ANALYZER_NONNULL = YES;
				CLANG_ANALYZER_NUMBER_OBJECT_CONVERSION = YES_AGGRESSIVE;
				CLANG_CXX_LANGUAGE_STANDARD = "gnu++14";
				CLANG_CXX_LIBRARY = "libc++";
				CLANG_ENABLE_MODULES = YES;
				CLANG_ENABLE_OBJC_ARC = YES;
				CLANG_ENABLE_OBJC_WEAK = YES;
				CLANG_WARN_BLOCK_CAPTURE_AUTORELEASING = YES;
				CLANG_WARN_BOOL_CONVERSION = YES;
				CLANG_WARN_COMMA = YES;
				CLANG_WARN_CONSTANT_CONVERSION = YES;
				CLANG_WARN_DEPRECATED_OBJC_IMPLEMENTATIONS = YES;
				CLANG_WARN_DIRECT_OBJC_ISA_USAGE = YES_ERROR;
				CLANG_WARN_DOCUMENTATION_COMMENTS = YES;
				CLANG_WARN_EMPTY_BODY = YES;
				CLANG_WARN_ENUM_CONVERSION = YES;
				CLANG_WARN_INFINITE_RECURSION = YES;
				CLANG_WARN_INT_CONVERSION = YES;
				CLANG_WARN_NON_LITERAL_NULL_CONVERSION = YES;
				CLANG_WARN_OBJC_IMPLICIT_RETAIN_SELF = YES;
				CLANG_WARN_OBJC_LITERAL_CONVERSION = YES;
				CLANG_WARN_OBJC_ROOT_CLASS = YES_ERROR;
				CLANG_WARN_RANGE_LOOP_ANALYSIS = YES;
				CLANG_WARN_STRICT_PROTOTYPES = YES;
				CLANG_WARN_SUSPICIOUS_MOVE = YES;
				CLANG_WARN_UNGUARDED_AVAILABILITY = YES_AGGRESSIVE;
				CLANG_WARN_UNREACHABLE_CODE = YES;
				CLANG_WARN__DUPLICATE_METHOD_MATCH = YES;
				CODE_SIGN_IDENTITY = "iPhone Developer";
				COPY_PHASE_STRIP = NO;
				DEBUG_INFORMATION_FORMAT = dwarf;
				ENABLE_STRICT_OBJC_MSGSEND = YES;
				ENABLE_TESTABILITY = YES;
				GCC_C_LANGUAGE_STANDARD = gnu11;
				GCC_DYNAMIC_NO_PIC = NO;
				GCC_NO_COMMON_BLOCKS = YES;
				GCC_OPTIMIZATION_LEVEL = 0;
				GCC_PREPROCESSOR_DEFINITIONS = (
					"DEBUG=1",
					"$(inherited)",
				);
				GCC_WARN_64_TO_32_BIT_CONVERSION = YES;
				GCC_WARN_ABOUT_RETURN_TYPE = YES_ERROR;
				GCC_WARN_UNDECLARED_SELECTOR = YES;
				GCC_WARN_UNINITIALIZED_AUTOS = YES_AGGRESSIVE;
				GCC_WARN_UNUSED_FUNCTION = YES;
				GCC_WARN_UNUSED_VARIABLE = YES;
				IPHONEOS_DEPLOYMENT_TARGET = 11.4;
				MTL_ENABLE_DEBUG_INFO = YES;
				ONLY_ACTIVE_ARCH = YES;
				SDKROOT = iphoneos;
				SWIFT_ACTIVE_COMPILATION_CONDITIONS = DEBUG;
				SWIFT_OPTIMIZATION_LEVEL = "-Onone";
			};
			name = Debug;
		};
		D371C20B214918E700C4F85B /* Release */ = {
			isa = XCBuildConfiguration;
			buildSettings = {
				ALWAYS_SEARCH_USER_PATHS = NO;
				CLANG_ANALYZER_NONNULL = YES;
				CLANG_ANALYZER_NUMBER_OBJECT_CONVERSION = YES_AGGRESSIVE;
				CLANG_CXX_LANGUAGE_STANDARD = "gnu++14";
				CLANG_CXX_LIBRARY = "libc++";
				CLANG_ENABLE_MODULES = YES;
				CLANG_ENABLE_OBJC_ARC = YES;
				CLANG_ENABLE_OBJC_WEAK = YES;
				CLANG_WARN_BLOCK_CAPTURE_AUTORELEASING = YES;
				CLANG_WARN_BOOL_CONVERSION = YES;
				CLANG_WARN_COMMA = YES;
				CLANG_WARN_CONSTANT_CONVERSION = YES;
				CLANG_WARN_DEPRECATED_OBJC_IMPLEMENTATIONS = YES;
				CLANG_WARN_DIRECT_OBJC_ISA_USAGE = YES_ERROR;
				CLANG_WARN_DOCUMENTATION_COMMENTS = YES;
				CLANG_WARN_EMPTY_BODY = YES;
				CLANG_WARN_ENUM_CONVERSION = YES;
				CLANG_WARN_INFINITE_RECURSION = YES;
				CLANG_WARN_INT_CONVERSION = YES;
				CLANG_WARN_NON_LITERAL_NULL_CONVERSION = YES;
				CLANG_WARN_OBJC_IMPLICIT_RETAIN_SELF = YES;
				CLANG_WARN_OBJC_LITERAL_CONVERSION = YES;
				CLANG_WARN_OBJC_ROOT_CLASS = YES_ERROR;
				CLANG_WARN_RANGE_LOOP_ANALYSIS = YES;
				CLANG_WARN_STRICT_PROTOTYPES = YES;
				CLANG_WARN_SUSPICIOUS_MOVE = YES;
				CLANG_WARN_UNGUARDED_AVAILABILITY = YES_AGGRESSIVE;
				CLANG_WARN_UNREACHABLE_CODE = YES;
				CLANG_WARN__DUPLICATE_METHOD_MATCH = YES;
				CODE_SIGN_IDENTITY = "iPhone Developer";
				COPY_PHASE_STRIP = NO;
				DEBUG_INFORMATION_FORMAT = "dwarf-with-dsym";
				ENABLE_NS_ASSERTIONS = NO;
				ENABLE_STRICT_OBJC_MSGSEND = YES;
				GCC_C_LANGUAGE_STANDARD = gnu11;
				GCC_NO_COMMON_BLOCKS = YES;
				GCC_WARN_64_TO_32_BIT_CONVERSION = YES;
				GCC_WARN_ABOUT_RETURN_TYPE = YES_ERROR;
				GCC_WARN_UNDECLARED_SELECTOR = YES;
				GCC_WARN_UNINITIALIZED_AUTOS = YES_AGGRESSIVE;
				GCC_WARN_UNUSED_FUNCTION = YES;
				GCC_WARN_UNUSED_VARIABLE = YES;
				IPHONEOS_DEPLOYMENT_TARGET = 11.4;
				MTL_ENABLE_DEBUG_INFO = NO;
				SDKROOT = iphoneos;
				SWIFT_COMPILATION_MODE = wholemodule;
				SWIFT_OPTIMIZATION_LEVEL = "-O";
				VALIDATE_PRODUCT = YES;
			};
			name = Release;
		};
		D371C20D214918E700C4F85B /* Debug */ = {
			isa = XCBuildConfiguration;
			buildSettings = {
				ASSETCATALOG_COMPILER_APPICON_NAME = AppIcon;
				CODE_SIGN_STYLE = Automatic;
				DEVELOPMENT_TEAM = 4KF5763BG7;
				INFOPLIST_FILE = "ISS Position/Info.plist";
				IPHONEOS_DEPLOYMENT_TARGET = 10.0;
				LD_RUNPATH_SEARCH_PATHS = (
					"$(inherited)",
					"@executable_path/Frameworks",
				);
				PRODUCT_BUNDLE_IDENTIFIER = "com.ugryzjablko.ISS-Position";
				PRODUCT_NAME = "$(TARGET_NAME)";
				SWIFT_VERSION = 4.0;
				TARGETED_DEVICE_FAMILY = 1;
			};
			name = Debug;
		};
		D371C20E214918E700C4F85B /* Release */ = {
			isa = XCBuildConfiguration;
			buildSettings = {
				ASSETCATALOG_COMPILER_APPICON_NAME = AppIcon;
				CODE_SIGN_STYLE = Automatic;
				DEVELOPMENT_TEAM = 4KF5763BG7;
				INFOPLIST_FILE = "ISS Position/Info.plist";
				IPHONEOS_DEPLOYMENT_TARGET = 10.0;
				LD_RUNPATH_SEARCH_PATHS = (
					"$(inherited)",
					"@executable_path/Frameworks",
				);
				PRODUCT_BUNDLE_IDENTIFIER = "com.ugryzjablko.ISS-Position";
				PRODUCT_NAME = "$(TARGET_NAME)";
				SWIFT_VERSION = 4.0;
				TARGETED_DEVICE_FAMILY = 1;
			};
			name = Release;
		};
		D371C210214918E700C4F85B /* Debug */ = {
			isa = XCBuildConfiguration;
			buildSettings = {
				ALWAYS_EMBED_SWIFT_STANDARD_LIBRARIES = YES;
				BUNDLE_LOADER = "$(TEST_HOST)";
				CODE_SIGN_STYLE = Automatic;
				DEVELOPMENT_TEAM = 4KF5763BG7;
				INFOPLIST_FILE = "ISS PositionTests/Info.plist";
				LD_RUNPATH_SEARCH_PATHS = (
					"$(inherited)",
					"@executable_path/Frameworks",
					"@loader_path/Frameworks",
				);
				PRODUCT_BUNDLE_IDENTIFIER = "com.ugryzjablko.ISS-PositionTests";
				PRODUCT_NAME = "$(TARGET_NAME)";
				SWIFT_VERSION = 4.0;
				TARGETED_DEVICE_FAMILY = "1,2";
				TEST_HOST = "$(BUILT_PRODUCTS_DIR)/ISS Position.app/ISS Position";
			};
			name = Debug;
		};
		D371C211214918E700C4F85B /* Release */ = {
			isa = XCBuildConfiguration;
			buildSettings = {
				ALWAYS_EMBED_SWIFT_STANDARD_LIBRARIES = YES;
				BUNDLE_LOADER = "$(TEST_HOST)";
				CODE_SIGN_STYLE = Automatic;
				DEVELOPMENT_TEAM = 4KF5763BG7;
				INFOPLIST_FILE = "ISS PositionTests/Info.plist";
				LD_RUNPATH_SEARCH_PATHS = (
					"$(inherited)",
					"@executable_path/Frameworks",
					"@loader_path/Frameworks",
				);
				PRODUCT_BUNDLE_IDENTIFIER = "com.ugryzjablko.ISS-PositionTests";
				PRODUCT_NAME = "$(TARGET_NAME)";
				SWIFT_VERSION = 4.0;
				TARGETED_DEVICE_FAMILY = "1,2";
				TEST_HOST = "$(BUILT_PRODUCTS_DIR)/ISS Position.app/ISS Position";
			};
			name = Release;
		};
		D371C213214918E700C4F85B /* Debug */ = {
			isa = XCBuildConfiguration;
			buildSettings = {
				ALWAYS_EMBED_SWIFT_STANDARD_LIBRARIES = YES;
				CODE_SIGN_STYLE = Automatic;
				DEVELOPMENT_TEAM = 4KF5763BG7;
				INFOPLIST_FILE = "ISS PositionUITests/Info.plist";
				LD_RUNPATH_SEARCH_PATHS = (
					"$(inherited)",
					"@executable_path/Frameworks",
					"@loader_path/Frameworks",
				);
				PRODUCT_BUNDLE_IDENTIFIER = "com.ugryzjablko.ISS-PositionUITests";
				PRODUCT_NAME = "$(TARGET_NAME)";
				SWIFT_VERSION = 4.0;
				TARGETED_DEVICE_FAMILY = "1,2";
				TEST_TARGET_NAME = "ISS Position";
			};
			name = Debug;
		};
		D371C214214918E700C4F85B /* Release */ = {
			isa = XCBuildConfiguration;
			buildSettings = {
				ALWAYS_EMBED_SWIFT_STANDARD_LIBRARIES = YES;
				CODE_SIGN_STYLE = Automatic;
				DEVELOPMENT_TEAM = 4KF5763BG7;
				INFOPLIST_FILE = "ISS PositionUITests/Info.plist";
				LD_RUNPATH_SEARCH_PATHS = (
					"$(inherited)",
					"@executable_path/Frameworks",
					"@loader_path/Frameworks",
				);
				PRODUCT_BUNDLE_IDENTIFIER = "com.ugryzjablko.ISS-PositionUITests";
				PRODUCT_NAME = "$(TARGET_NAME)";
				SWIFT_VERSION = 4.0;
				TARGETED_DEVICE_FAMILY = "1,2";
				TEST_TARGET_NAME = "ISS Position";
			};
			name = Release;
		};
/* End XCBuildConfiguration section */

/* Begin XCConfigurationList section */
		D371C1DF214918E500C4F85B /* Build configuration list for PBXProject "ISS Position" */ = {
			isa = XCConfigurationList;
			buildConfigurations = (
				D371C20A214918E700C4F85B /* Debug */,
				D371C20B214918E700C4F85B /* Release */,
			);
			defaultConfigurationIsVisible = 0;
			defaultConfigurationName = Release;
		};
		D371C20C214918E700C4F85B /* Build configuration list for PBXNativeTarget "ISS Position" */ = {
			isa = XCConfigurationList;
			buildConfigurations = (
				D371C20D214918E700C4F85B /* Debug */,
				D371C20E214918E700C4F85B /* Release */,
			);
			defaultConfigurationIsVisible = 0;
			defaultConfigurationName = Release;
		};
		D371C20F214918E700C4F85B /* Build configuration list for PBXNativeTarget "ISS PositionTests" */ = {
			isa = XCConfigurationList;
			buildConfigurations = (
				D371C210214918E700C4F85B /* Debug */,
				D371C211214918E700C4F85B /* Release */,
			);
			defaultConfigurationIsVisible = 0;
			defaultConfigurationName = Release;
		};
		D371C212214918E700C4F85B /* Build configuration list for PBXNativeTarget "ISS PositionUITests" */ = {
			isa = XCConfigurationList;
			buildConfigurations = (
				D371C213214918E700C4F85B /* Debug */,
				D371C214214918E700C4F85B /* Release */,
			);
			defaultConfigurationIsVisible = 0;
			defaultConfigurationName = Release;
		};
/* End XCConfigurationList section */
	};
	rootObject = D371C1DC214918E500C4F85B /* Project object */;
}
